// !$*UTF8*$!
{
	archiveVersion = 1;
	classes = {
	};
	objectVersion = 55;
	objects = {

/* Begin PBXBuildFile section */
		BD35A9D6D32E850330C3E0FB /* Pods_AppStore.framework in Frameworks */ = {isa = PBXBuildFile; fileRef = 8324DC2D714458CC4A0F0114 /* Pods_AppStore.framework */; };
		EA7C2941285DBEDF0044A946 /* AppHeaderHorController.swift in Sources */ = {isa = PBXBuildFile; fileRef = EA7C2940285DBEDF0044A946 /* AppHeaderHorController.swift */; };
		EA7C2943285DBF3D0044A946 /* AppHeaderHorCell.swift in Sources */ = {isa = PBXBuildFile; fileRef = EA7C2942285DBF3D0044A946 /* AppHeaderHorCell.swift */; };
		EAA08828285FC16C005DF5BA /* HorizontalSnappingController.swift in Sources */ = {isa = PBXBuildFile; fileRef = EAA08827285FC16C005DF5BA /* HorizontalSnappingController.swift */; };
		EAA0882B285FCA6A005DF5BA /* AppDetailsController.swift in Sources */ = {isa = PBXBuildFile; fileRef = EAA0882A285FCA6A005DF5BA /* AppDetailsController.swift */; };
		EAA0882D285FD006005DF5BA /* AppDetailsRowCell.swift in Sources */ = {isa = PBXBuildFile; fileRef = EAA0882C285FD006005DF5BA /* AppDetailsRowCell.swift */; };
		EAA7F6E6285F63D40062EDBB /* SocialHeaderResponse.swift in Sources */ = {isa = PBXBuildFile; fileRef = EAA7F6E5285F63D40062EDBB /* SocialHeaderResponse.swift */; };
		EAA9897328624ECD009B3481 /* UIViewController+Extension.swift in Sources */ = {isa = PBXBuildFile; fileRef = EAA9897228624ECD009B3481 /* UIViewController+Extension.swift */; };
		EAA9897528625098009B3481 /* AppFullScreenController.swift in Sources */ = {isa = PBXBuildFile; fileRef = EAA9897428625098009B3481 /* AppFullScreenController.swift */; };
		EAA98977286251F6009B3481 /* AppFullCell.swift in Sources */ = {isa = PBXBuildFile; fileRef = EAA98976286251F6009B3481 /* AppFullCell.swift */; };
		EAA9897B28630159009B3481 /* AppHeaderFullDetailsCell.swift in Sources */ = {isa = PBXBuildFile; fileRef = EAA9897A28630159009B3481 /* AppHeaderFullDetailsCell.swift */; };
		EAA9897D28632C02009B3481 /* TodayItem.swift in Sources */ = {isa = PBXBuildFile; fileRef = EAA9897C28632C02009B3481 /* TodayItem.swift */; };
		EAA9897F28639DB5009B3481 /* TodayMultipleCell.swift in Sources */ = {isa = PBXBuildFile; fileRef = EAA9897E28639DB5009B3481 /* TodayMultipleCell.swift */; };
		EAA989832863A36B009B3481 /* BaseTodayItem.swift in Sources */ = {isa = PBXBuildFile; fileRef = EAA989822863A36B009B3481 /* BaseTodayItem.swift */; };
		EAA9898A28644B38009B3481 /* TodayMultipleApssController.swift in Sources */ = {isa = PBXBuildFile; fileRef = EAA9898928644B38009B3481 /* TodayMultipleApssController.swift */; };
		EAA9898C28644BDC009B3481 /* MultipleAppCell.swift in Sources */ = {isa = PBXBuildFile; fileRef = EAA9898B28644BDC009B3481 /* MultipleAppCell.swift */; };
		EAC327B72865E27E0026D6C2 /* AppFullController.swift in Sources */ = {isa = PBXBuildFile; fileRef = EAC327B62865E27E0026D6C2 /* AppFullController.swift */; };
		EAC327B92865E42D0026D6C2 /* AppFullHeaderCell.swift in Sources */ = {isa = PBXBuildFile; fileRef = EAC327B82865E42D0026D6C2 /* AppFullHeaderCell.swift */; };
		EAC327BB2865FA6D0026D6C2 /* AppFullScreeDescriptionCell.swift in Sources */ = {isa = PBXBuildFile; fileRef = EAC327BA2865FA6D0026D6C2 /* AppFullScreeDescriptionCell.swift */; };
		EAC327BD286612820026D6C2 /* HeaderCell.swift in Sources */ = {isa = PBXBuildFile; fileRef = EAC327BC286612810026D6C2 /* HeaderCell.swift */; };
		EAC327C028670DB30026D6C2 /* TodayViewController.swift in Sources */ = {isa = PBXBuildFile; fileRef = EAC327BF28670DB30026D6C2 /* TodayViewController.swift */; };
		EAC327C228670E660026D6C2 /* TodayCollectionCell.swift in Sources */ = {isa = PBXBuildFile; fileRef = EAC327C128670E660026D6C2 /* TodayCollectionCell.swift */; };
		EAC327C6286713AD0026D6C2 /* AppFullScreenViewController.swift in Sources */ = {isa = PBXBuildFile; fileRef = EAC327C5286713AD0026D6C2 /* AppFullScreenViewController.swift */; };
		EAC327C9286716A20026D6C2 /* DescriptionCell.swift in Sources */ = {isa = PBXBuildFile; fileRef = EAC327C8286716A20026D6C2 /* DescriptionCell.swift */; };
		EAC327CB286716FD0026D6C2 /* TodayHeaderCell.swift in Sources */ = {isa = PBXBuildFile; fileRef = EAC327CA286716FD0026D6C2 /* TodayHeaderCell.swift */; };
		EAC809FD285DD8E000965F72 /* AppGroup.swift in Sources */ = {isa = PBXBuildFile; fileRef = EAC809FC285DD8E000965F72 /* AppGroup.swift */; };
		EAD325CA28607A72001A89CF /* PreviewRowCell.swift in Sources */ = {isa = PBXBuildFile; fileRef = EAD325C928607A72001A89CF /* PreviewRowCell.swift */; };
		EAD325CC28607E2D001A89CF /* PreviewScreenController.swift in Sources */ = {isa = PBXBuildFile; fileRef = EAD325CB28607E2D001A89CF /* PreviewScreenController.swift */; };
		EAD325CF2860802B001A89CF /* ScreenShotCell.swift in Sources */ = {isa = PBXBuildFile; fileRef = EAD325CE2860802B001A89CF /* ScreenShotCell.swift */; };
		EAD325D228608B6A001A89CF /* ReviewRowCell.swift in Sources */ = {isa = PBXBuildFile; fileRef = EAD325D128608B6A001A89CF /* ReviewRowCell.swift */; };
		EAD325D428609075001A89CF /* ReviewsController.swift in Sources */ = {isa = PBXBuildFile; fileRef = EAD325D328609075001A89CF /* ReviewsController.swift */; };
		EAD325D6286090FD001A89CF /* ReviewCell.swift in Sources */ = {isa = PBXBuildFile; fileRef = EAD325D5286090FD001A89CF /* ReviewCell.swift */; };
		EAD325D828609C19001A89CF /* ReviewResponse.swift in Sources */ = {isa = PBXBuildFile; fileRef = EAD325D728609C19001A89CF /* ReviewResponse.swift */; };
		EAD325DB2861D916001A89CF /* TodayController.swift in Sources */ = {isa = PBXBuildFile; fileRef = EAD325DA2861D916001A89CF /* TodayController.swift */; };
		EAD325DD2861DA2C001A89CF /* TodayCell.swift in Sources */ = {isa = PBXBuildFile; fileRef = EAD325DC2861DA2C001A89CF /* TodayCell.swift */; };
		EAE59EB4285C401200FA5F50 /* AppDelegate.swift in Sources */ = {isa = PBXBuildFile; fileRef = EAE59EB3285C401200FA5F50 /* AppDelegate.swift */; };
		EAE59EB6285C401200FA5F50 /* SceneDelegate.swift in Sources */ = {isa = PBXBuildFile; fileRef = EAE59EB5285C401200FA5F50 /* SceneDelegate.swift */; };
		EAE59EBD285C401400FA5F50 /* Assets.xcassets in Resources */ = {isa = PBXBuildFile; fileRef = EAE59EBC285C401400FA5F50 /* Assets.xcassets */; };
		EAE59EC0285C401400FA5F50 /* LaunchScreen.storyboard in Resources */ = {isa = PBXBuildFile; fileRef = EAE59EBE285C401400FA5F50 /* LaunchScreen.storyboard */; };
		EAE59ECA285C446500FA5F50 /* BaseTabBarController.swift in Sources */ = {isa = PBXBuildFile; fileRef = EAE59EC9285C446500FA5F50 /* BaseTabBarController.swift */; };
		EAE59ECE285C4F6E00FA5F50 /* SearchVC.swift in Sources */ = {isa = PBXBuildFile; fileRef = EAE59ECD285C4F6E00FA5F50 /* SearchVC.swift */; };
		EAE59ED1285C4FE100FA5F50 /* UIView+Layout.swift in Sources */ = {isa = PBXBuildFile; fileRef = EAE59ED0285C4FE100FA5F50 /* UIView+Layout.swift */; };
		EAE59ED5285C567C00FA5F50 /* SearchCell.swift in Sources */ = {isa = PBXBuildFile; fileRef = EAE59ED4285C567C00FA5F50 /* SearchCell.swift */; };
		EAE59ED7285C60B900FA5F50 /* VerticalStackView.swift in Sources */ = {isa = PBXBuildFile; fileRef = EAE59ED6285C60B900FA5F50 /* VerticalStackView.swift */; };
		EAE59ED9285C62DD00FA5F50 /* HorizontalStackView.swift in Sources */ = {isa = PBXBuildFile; fileRef = EAE59ED8285C62DD00FA5F50 /* HorizontalStackView.swift */; };
		EAE59EDB285C956000FA5F50 /* SearchResult.swift in Sources */ = {isa = PBXBuildFile; fileRef = EAE59EDA285C956000FA5F50 /* SearchResult.swift */; };
		EAE59EDF285C9CE000FA5F50 /* Service.swift in Sources */ = {isa = PBXBuildFile; fileRef = EAE59EDE285C9CE000FA5F50 /* Service.swift */; };
		EAE59EE2285CB7B200FA5F50 /* Identifiers.swift in Sources */ = {isa = PBXBuildFile; fileRef = EAE59EE1285CB7B200FA5F50 /* Identifiers.swift */; };
		EAE59EE5285D990E00FA5F50 /* AppsViewController.swift in Sources */ = {isa = PBXBuildFile; fileRef = EAE59EE4285D990E00FA5F50 /* AppsViewController.swift */; };
		EAE59EEC285D9B7300FA5F50 /* AppsGroupCell.swift in Sources */ = {isa = PBXBuildFile; fileRef = EAE59EEB285D9B7300FA5F50 /* AppsGroupCell.swift */; };
		EAE59EEF285D9D5C00FA5F50 /* UILabel+Extension.swift in Sources */ = {isa = PBXBuildFile; fileRef = EAE59EEE285D9D5C00FA5F50 /* UILabel+Extension.swift */; };
		EAE59EF1285D9EAC00FA5F50 /* BaseViewController.swift in Sources */ = {isa = PBXBuildFile; fileRef = EAE59EF0285D9EAC00FA5F50 /* BaseViewController.swift */; };
		EAE59EF3285D9EE800FA5F50 /* AppsHorizontalController.swift in Sources */ = {isa = PBXBuildFile; fileRef = EAE59EF2285D9EE800FA5F50 /* AppsHorizontalController.swift */; };
		EAE59EF5285DA05600FA5F50 /* AppRowCell.swift in Sources */ = {isa = PBXBuildFile; fileRef = EAE59EF4285DA05600FA5F50 /* AppRowCell.swift */; };
		EAE59EF7285DA80A00FA5F50 /* UIImage+Extension.swift in Sources */ = {isa = PBXBuildFile; fileRef = EAE59EF6285DA80A00FA5F50 /* UIImage+Extension.swift */; };
		EAE59EF9285DA89F00FA5F50 /* UIButton+Extension.swift in Sources */ = {isa = PBXBuildFile; fileRef = EAE59EF8285DA89F00FA5F50 /* UIButton+Extension.swift */; };
		EAE59EFB285DB45C00FA5F50 /* AppsPageHeader.swift in Sources */ = {isa = PBXBuildFile; fileRef = EAE59EFA285DB45C00FA5F50 /* AppsPageHeader.swift */; };
		EAF36726286778FA0085B81D /* MultipleCollectionViewCell.swift in Sources */ = {isa = PBXBuildFile; fileRef = EAF36725286778FA0085B81D /* MultipleCollectionViewCell.swift */; };
		EAF3672A28678BEA0085B81D /* TodayMultipleApssViewController.swift in Sources */ = {isa = PBXBuildFile; fileRef = EAF3672928678BEA0085B81D /* TodayMultipleApssViewController.swift */; };
		EAF3672D28678C730085B81D /* MultipleCell.swift in Sources */ = {isa = PBXBuildFile; fileRef = EAF3672C28678C730085B81D /* MultipleCell.swift */; };
/* End PBXBuildFile section */

/* Begin PBXFileReference section */
		8324DC2D714458CC4A0F0114 /* Pods_AppStore.framework */ = {isa = PBXFileReference; explicitFileType = wrapper.framework; includeInIndex = 0; path = Pods_AppStore.framework; sourceTree = BUILT_PRODUCTS_DIR; };
		BBB7622695CB9AE5B97E84E1 /* Pods-AppStore.debug.xcconfig */ = {isa = PBXFileReference; includeInIndex = 1; lastKnownFileType = text.xcconfig; name = "Pods-AppStore.debug.xcconfig"; path = "Target Support Files/Pods-AppStore/Pods-AppStore.debug.xcconfig"; sourceTree = "<group>"; };
		EA7C2940285DBEDF0044A946 /* AppHeaderHorController.swift */ = {isa = PBXFileReference; lastKnownFileType = sourcecode.swift; path = AppHeaderHorController.swift; sourceTree = "<group>"; };
		EA7C2942285DBF3D0044A946 /* AppHeaderHorCell.swift */ = {isa = PBXFileReference; lastKnownFileType = sourcecode.swift; path = AppHeaderHorCell.swift; sourceTree = "<group>"; };
		EAA08827285FC16C005DF5BA /* HorizontalSnappingController.swift */ = {isa = PBXFileReference; lastKnownFileType = sourcecode.swift; path = HorizontalSnappingController.swift; sourceTree = "<group>"; };
		EAA0882A285FCA6A005DF5BA /* AppDetailsController.swift */ = {isa = PBXFileReference; lastKnownFileType = sourcecode.swift; path = AppDetailsController.swift; sourceTree = "<group>"; };
		EAA0882C285FD006005DF5BA /* AppDetailsRowCell.swift */ = {isa = PBXFileReference; lastKnownFileType = sourcecode.swift; path = AppDetailsRowCell.swift; sourceTree = "<group>"; };
		EAA7F6E5285F63D40062EDBB /* SocialHeaderResponse.swift */ = {isa = PBXFileReference; lastKnownFileType = sourcecode.swift; path = SocialHeaderResponse.swift; sourceTree = "<group>"; };
		EAA9897228624ECD009B3481 /* UIViewController+Extension.swift */ = {isa = PBXFileReference; lastKnownFileType = sourcecode.swift; path = "UIViewController+Extension.swift"; sourceTree = "<group>"; };
		EAA9897428625098009B3481 /* AppFullScreenController.swift */ = {isa = PBXFileReference; lastKnownFileType = sourcecode.swift; path = AppFullScreenController.swift; sourceTree = "<group>"; };
		EAA98976286251F6009B3481 /* AppFullCell.swift */ = {isa = PBXFileReference; lastKnownFileType = sourcecode.swift; path = AppFullCell.swift; sourceTree = "<group>"; };
		EAA9897A28630159009B3481 /* AppHeaderFullDetailsCell.swift */ = {isa = PBXFileReference; lastKnownFileType = sourcecode.swift; path = AppHeaderFullDetailsCell.swift; sourceTree = "<group>"; };
		EAA9897C28632C02009B3481 /* TodayItem.swift */ = {isa = PBXFileReference; lastKnownFileType = sourcecode.swift; path = TodayItem.swift; sourceTree = "<group>"; };
		EAA9897E28639DB5009B3481 /* TodayMultipleCell.swift */ = {isa = PBXFileReference; lastKnownFileType = sourcecode.swift; path = TodayMultipleCell.swift; sourceTree = "<group>"; };
		EAA989822863A36B009B3481 /* BaseTodayItem.swift */ = {isa = PBXFileReference; lastKnownFileType = sourcecode.swift; path = BaseTodayItem.swift; sourceTree = "<group>"; };
		EAA9898928644B38009B3481 /* TodayMultipleApssController.swift */ = {isa = PBXFileReference; lastKnownFileType = sourcecode.swift; path = TodayMultipleApssController.swift; sourceTree = "<group>"; };
		EAA9898B28644BDC009B3481 /* MultipleAppCell.swift */ = {isa = PBXFileReference; lastKnownFileType = sourcecode.swift; path = MultipleAppCell.swift; sourceTree = "<group>"; };
		EAC327B62865E27E0026D6C2 /* AppFullController.swift */ = {isa = PBXFileReference; lastKnownFileType = sourcecode.swift; path = AppFullController.swift; sourceTree = "<group>"; };
		EAC327B82865E42D0026D6C2 /* AppFullHeaderCell.swift */ = {isa = PBXFileReference; lastKnownFileType = sourcecode.swift; path = AppFullHeaderCell.swift; sourceTree = "<group>"; };
		EAC327BA2865FA6D0026D6C2 /* AppFullScreeDescriptionCell.swift */ = {isa = PBXFileReference; lastKnownFileType = sourcecode.swift; path = AppFullScreeDescriptionCell.swift; sourceTree = "<group>"; };
		EAC327BC286612810026D6C2 /* HeaderCell.swift */ = {isa = PBXFileReference; lastKnownFileType = sourcecode.swift; path = HeaderCell.swift; sourceTree = "<group>"; };
		EAC327BF28670DB30026D6C2 /* TodayViewController.swift */ = {isa = PBXFileReference; lastKnownFileType = sourcecode.swift; path = TodayViewController.swift; sourceTree = "<group>"; };
		EAC327C128670E660026D6C2 /* TodayCollectionCell.swift */ = {isa = PBXFileReference; lastKnownFileType = sourcecode.swift; path = TodayCollectionCell.swift; sourceTree = "<group>"; };
		EAC327C5286713AD0026D6C2 /* AppFullScreenViewController.swift */ = {isa = PBXFileReference; lastKnownFileType = sourcecode.swift; path = AppFullScreenViewController.swift; sourceTree = "<group>"; };
		EAC327C8286716A20026D6C2 /* DescriptionCell.swift */ = {isa = PBXFileReference; lastKnownFileType = sourcecode.swift; path = DescriptionCell.swift; sourceTree = "<group>"; };
		EAC327CA286716FD0026D6C2 /* TodayHeaderCell.swift */ = {isa = PBXFileReference; lastKnownFileType = sourcecode.swift; path = TodayHeaderCell.swift; sourceTree = "<group>"; };
		EAC809FC285DD8E000965F72 /* AppGroup.swift */ = {isa = PBXFileReference; lastKnownFileType = sourcecode.swift; path = AppGroup.swift; sourceTree = "<group>"; };
		EAD325C928607A72001A89CF /* PreviewRowCell.swift */ = {isa = PBXFileReference; lastKnownFileType = sourcecode.swift; path = PreviewRowCell.swift; sourceTree = "<group>"; };
		EAD325CB28607E2D001A89CF /* PreviewScreenController.swift */ = {isa = PBXFileReference; lastKnownFileType = sourcecode.swift; path = PreviewScreenController.swift; sourceTree = "<group>"; };
		EAD325CE2860802B001A89CF /* ScreenShotCell.swift */ = {isa = PBXFileReference; lastKnownFileType = sourcecode.swift; path = ScreenShotCell.swift; sourceTree = "<group>"; };
		EAD325D128608B6A001A89CF /* ReviewRowCell.swift */ = {isa = PBXFileReference; lastKnownFileType = sourcecode.swift; path = ReviewRowCell.swift; sourceTree = "<group>"; };
		EAD325D328609075001A89CF /* ReviewsController.swift */ = {isa = PBXFileReference; lastKnownFileType = sourcecode.swift; path = ReviewsController.swift; sourceTree = "<group>"; };
		EAD325D5286090FD001A89CF /* ReviewCell.swift */ = {isa = PBXFileReference; lastKnownFileType = sourcecode.swift; path = ReviewCell.swift; sourceTree = "<group>"; };
		EAD325D728609C19001A89CF /* ReviewResponse.swift */ = {isa = PBXFileReference; lastKnownFileType = sourcecode.swift; path = ReviewResponse.swift; sourceTree = "<group>"; };
		EAD325DA2861D916001A89CF /* TodayController.swift */ = {isa = PBXFileReference; lastKnownFileType = sourcecode.swift; path = TodayController.swift; sourceTree = "<group>"; };
		EAD325DC2861DA2C001A89CF /* TodayCell.swift */ = {isa = PBXFileReference; lastKnownFileType = sourcecode.swift; path = TodayCell.swift; sourceTree = "<group>"; };
		EAE59EB0285C401200FA5F50 /* AppStore.app */ = {isa = PBXFileReference; explicitFileType = wrapper.application; includeInIndex = 0; path = AppStore.app; sourceTree = BUILT_PRODUCTS_DIR; };
		EAE59EB3285C401200FA5F50 /* AppDelegate.swift */ = {isa = PBXFileReference; lastKnownFileType = sourcecode.swift; path = AppDelegate.swift; sourceTree = "<group>"; };
		EAE59EB5285C401200FA5F50 /* SceneDelegate.swift */ = {isa = PBXFileReference; lastKnownFileType = sourcecode.swift; path = SceneDelegate.swift; sourceTree = "<group>"; };
		EAE59EBC285C401400FA5F50 /* Assets.xcassets */ = {isa = PBXFileReference; lastKnownFileType = folder.assetcatalog; path = Assets.xcassets; sourceTree = "<group>"; };
		EAE59EBF285C401400FA5F50 /* Base */ = {isa = PBXFileReference; lastKnownFileType = file.storyboard; name = Base; path = Base.lproj/LaunchScreen.storyboard; sourceTree = "<group>"; };
		EAE59EC1285C401400FA5F50 /* Info.plist */ = {isa = PBXFileReference; lastKnownFileType = text.plist.xml; path = Info.plist; sourceTree = "<group>"; };
		EAE59EC9285C446500FA5F50 /* BaseTabBarController.swift */ = {isa = PBXFileReference; lastKnownFileType = sourcecode.swift; path = BaseTabBarController.swift; sourceTree = "<group>"; };
		EAE59ECD285C4F6E00FA5F50 /* SearchVC.swift */ = {isa = PBXFileReference; lastKnownFileType = sourcecode.swift; path = SearchVC.swift; sourceTree = "<group>"; };
		EAE59ED0285C4FE100FA5F50 /* UIView+Layout.swift */ = {isa = PBXFileReference; fileEncoding = 4; lastKnownFileType = sourcecode.swift; path = "UIView+Layout.swift"; sourceTree = "<group>"; };
		EAE59ED4285C567C00FA5F50 /* SearchCell.swift */ = {isa = PBXFileReference; lastKnownFileType = sourcecode.swift; path = SearchCell.swift; sourceTree = "<group>"; };
		EAE59ED6285C60B900FA5F50 /* VerticalStackView.swift */ = {isa = PBXFileReference; lastKnownFileType = sourcecode.swift; path = VerticalStackView.swift; sourceTree = "<group>"; };
		EAE59ED8285C62DD00FA5F50 /* HorizontalStackView.swift */ = {isa = PBXFileReference; lastKnownFileType = sourcecode.swift; path = HorizontalStackView.swift; sourceTree = "<group>"; };
		EAE59EDA285C956000FA5F50 /* SearchResult.swift */ = {isa = PBXFileReference; lastKnownFileType = sourcecode.swift; path = SearchResult.swift; sourceTree = "<group>"; };
		EAE59EDE285C9CE000FA5F50 /* Service.swift */ = {isa = PBXFileReference; lastKnownFileType = sourcecode.swift; path = Service.swift; sourceTree = "<group>"; };
		EAE59EE1285CB7B200FA5F50 /* Identifiers.swift */ = {isa = PBXFileReference; lastKnownFileType = sourcecode.swift; path = Identifiers.swift; sourceTree = "<group>"; };
		EAE59EE4285D990E00FA5F50 /* AppsViewController.swift */ = {isa = PBXFileReference; lastKnownFileType = sourcecode.swift; path = AppsViewController.swift; sourceTree = "<group>"; };
		EAE59EEB285D9B7300FA5F50 /* AppsGroupCell.swift */ = {isa = PBXFileReference; lastKnownFileType = sourcecode.swift; path = AppsGroupCell.swift; sourceTree = "<group>"; };
		EAE59EEE285D9D5C00FA5F50 /* UILabel+Extension.swift */ = {isa = PBXFileReference; lastKnownFileType = sourcecode.swift; path = "UILabel+Extension.swift"; sourceTree = "<group>"; };
		EAE59EF0285D9EAC00FA5F50 /* BaseViewController.swift */ = {isa = PBXFileReference; lastKnownFileType = sourcecode.swift; path = BaseViewController.swift; sourceTree = "<group>"; };
		EAE59EF2285D9EE800FA5F50 /* AppsHorizontalController.swift */ = {isa = PBXFileReference; lastKnownFileType = sourcecode.swift; path = AppsHorizontalController.swift; sourceTree = "<group>"; };
		EAE59EF4285DA05600FA5F50 /* AppRowCell.swift */ = {isa = PBXFileReference; lastKnownFileType = sourcecode.swift; path = AppRowCell.swift; sourceTree = "<group>"; };
		EAE59EF6285DA80A00FA5F50 /* UIImage+Extension.swift */ = {isa = PBXFileReference; lastKnownFileType = sourcecode.swift; path = "UIImage+Extension.swift"; sourceTree = "<group>"; };
		EAE59EF8285DA89F00FA5F50 /* UIButton+Extension.swift */ = {isa = PBXFileReference; lastKnownFileType = sourcecode.swift; path = "UIButton+Extension.swift"; sourceTree = "<group>"; };
		EAE59EFA285DB45C00FA5F50 /* AppsPageHeader.swift */ = {isa = PBXFileReference; lastKnownFileType = sourcecode.swift; path = AppsPageHeader.swift; sourceTree = "<group>"; };
		EAF36725286778FA0085B81D /* MultipleCollectionViewCell.swift */ = {isa = PBXFileReference; lastKnownFileType = sourcecode.swift; path = MultipleCollectionViewCell.swift; sourceTree = "<group>"; };
		EAF3672928678BEA0085B81D /* TodayMultipleApssViewController.swift */ = {isa = PBXFileReference; lastKnownFileType = sourcecode.swift; path = TodayMultipleApssViewController.swift; sourceTree = "<group>"; };
		EAF3672C28678C730085B81D /* MultipleCell.swift */ = {isa = PBXFileReference; lastKnownFileType = sourcecode.swift; path = MultipleCell.swift; sourceTree = "<group>"; };
		FE390104E1B730329391F8D4 /* Pods-AppStore.release.xcconfig */ = {isa = PBXFileReference; includeInIndex = 1; lastKnownFileType = text.xcconfig; name = "Pods-AppStore.release.xcconfig"; path = "Target Support Files/Pods-AppStore/Pods-AppStore.release.xcconfig"; sourceTree = "<group>"; };
/* End PBXFileReference section */

/* Begin PBXFrameworksBuildPhase section */
		EAE59EAD285C401200FA5F50 /* Frameworks */ = {
			isa = PBXFrameworksBuildPhase;
			buildActionMask = 2147483647;
			files = (
				BD35A9D6D32E850330C3E0FB /* Pods_AppStore.framework in Frameworks */,
			);
			runOnlyForDeploymentPostprocessing = 0;
		};
/* End PBXFrameworksBuildPhase section */

/* Begin PBXGroup section */
		DD175E32DE8913473118000E /* Pods */ = {
			isa = PBXGroup;
			children = (
				BBB7622695CB9AE5B97E84E1 /* Pods-AppStore.debug.xcconfig */,
				FE390104E1B730329391F8D4 /* Pods-AppStore.release.xcconfig */,
			);
			path = Pods;
			sourceTree = "<group>";
		};
		EA7C293F285DBE950044A946 /* Header */ = {
			isa = PBXGroup;
			children = (
				EAE59EFA285DB45C00FA5F50 /* AppsPageHeader.swift */,
				EA7C2940285DBEDF0044A946 /* AppHeaderHorController.swift */,
				EA7C2942285DBF3D0044A946 /* AppHeaderHorCell.swift */,
			);
			path = Header;
			sourceTree = "<group>";
		};
		EAA08829285FCA48005DF5BA /* Details */ = {
			isa = PBXGroup;
			children = (
				EAA0882A285FCA6A005DF5BA /* AppDetailsController.swift */,
				EAA0882C285FD006005DF5BA /* AppDetailsRowCell.swift */,
				EAD325CD28607E32001A89CF /* PreviewScreen */,
				EAD325D028608B4C001A89CF /* ReviewCell */,
			);
			path = Details;
			sourceTree = "<group>";
		};
		EAA98979286254ED009B3481 /* Today */ = {
			isa = PBXGroup;
			children = (
				EAA9898528644067009B3481 /* TodayHome */,
				EAA9898028639E9F009B3481 /* DetailsScreen */,
			);
			path = Today;
			sourceTree = "<group>";
		};
		EAA9898028639E9F009B3481 /* DetailsScreen */ = {
			isa = PBXGroup;
			children = (
				EAA9898428644045009B3481 /* AppDetailsCellHeaderAndCell */,
			);
			path = DetailsScreen;
			sourceTree = "<group>";
		};
		EAA9898428644045009B3481 /* AppDetailsCellHeaderAndCell */ = {
			isa = PBXGroup;
			children = (
				EAA9897428625098009B3481 /* AppFullScreenController.swift */,
				EAA9897A28630159009B3481 /* AppHeaderFullDetailsCell.swift */,
				EAA98976286251F6009B3481 /* AppFullCell.swift */,
			);
			path = AppDetailsCellHeaderAndCell;
			sourceTree = "<group>";
		};
		EAA9898528644067009B3481 /* TodayHome */ = {
			isa = PBXGroup;
			children = (
				EAA9898828644AA6009B3481 /* Controller */,
				EAA9898728644A95009B3481 /* Model */,
			);
			path = TodayHome;
			sourceTree = "<group>";
		};
		EAA9898728644A95009B3481 /* Model */ = {
			isa = PBXGroup;
			children = (
				EAA989822863A36B009B3481 /* BaseTodayItem.swift */,
			);
			path = Model;
			sourceTree = "<group>";
		};
		EAA9898828644AA6009B3481 /* Controller */ = {
			isa = PBXGroup;
			children = (
				EAD325DA2861D916001A89CF /* TodayController.swift */,
				EAD325DC2861DA2C001A89CF /* TodayCell.swift */,
				EAA9897E28639DB5009B3481 /* TodayMultipleCell.swift */,
				EAA9898D28644BEE009B3481 /* MultipleApp */,
			);
			path = Controller;
			sourceTree = "<group>";
		};
		EAA9898D28644BEE009B3481 /* MultipleApp */ = {
			isa = PBXGroup;
			children = (
				EAA9898928644B38009B3481 /* TodayMultipleApssController.swift */,
				EAA9898B28644BDC009B3481 /* MultipleAppCell.swift */,
			);
			path = MultipleApp;
			sourceTree = "<group>";
		};
		EAC327AF2865DB5B0026D6C2 /* TodayController */ = {
			isa = PBXGroup;
			children = (
				EAC327B52865E25E0026D6C2 /* AppFullController */,
			);
			path = TodayController;
			sourceTree = "<group>";
		};
		EAC327B52865E25E0026D6C2 /* AppFullController */ = {
			isa = PBXGroup;
			children = (
				EAC327B62865E27E0026D6C2 /* AppFullController.swift */,
				EAC327BC286612810026D6C2 /* HeaderCell.swift */,
				EAC327B82865E42D0026D6C2 /* AppFullHeaderCell.swift */,
				EAC327BA2865FA6D0026D6C2 /* AppFullScreeDescriptionCell.swift */,
			);
			path = AppFullController;
			sourceTree = "<group>";
		};
		EAC327C3286713820026D6C2 /* TodayHome */ = {
			isa = PBXGroup;
			children = (
				EAC327BF28670DB30026D6C2 /* TodayViewController.swift */,
				EAC327C7286714620026D6C2 /* TodayHomeCell */,
			);
			path = TodayHome;
			sourceTree = "<group>";
		};
		EAC327C42867138D0026D6C2 /* TodayDetails */ = {
			isa = PBXGroup;
			children = (
				EAC327C5286713AD0026D6C2 /* AppFullScreenViewController.swift */,
				EAC327CC286717020026D6C2 /* Cell */,
			);
			name = TodayDetails;
			sourceTree = "<group>";
		};
		EAC327C7286714620026D6C2 /* TodayHomeCell */ = {
			isa = PBXGroup;
			children = (
				EAC327C128670E660026D6C2 /* TodayCollectionCell.swift */,
				EAF3672B28678C060085B81D /* MultipleCellAndCon */,
			);
			path = TodayHomeCell;
			sourceTree = "<group>";
		};
		EAC327CC286717020026D6C2 /* Cell */ = {
			isa = PBXGroup;
			children = (
				EAC327CA286716FD0026D6C2 /* TodayHeaderCell.swift */,
				EAC327C8286716A20026D6C2 /* DescriptionCell.swift */,
			);
			name = Cell;
			sourceTree = "<group>";
		};
		EAD325CD28607E32001A89CF /* PreviewScreen */ = {
			isa = PBXGroup;
			children = (
				EAD325C928607A72001A89CF /* PreviewRowCell.swift */,
				EAD325CB28607E2D001A89CF /* PreviewScreenController.swift */,
				EAD325CE2860802B001A89CF /* ScreenShotCell.swift */,
			);
			path = PreviewScreen;
			sourceTree = "<group>";
		};
		EAD325D028608B4C001A89CF /* ReviewCell */ = {
			isa = PBXGroup;
			children = (
				EAD325D128608B6A001A89CF /* ReviewRowCell.swift */,
				EAD325D328609075001A89CF /* ReviewsController.swift */,
				EAD325D5286090FD001A89CF /* ReviewCell.swift */,
				EAD325D728609C19001A89CF /* ReviewResponse.swift */,
			);
			path = ReviewCell;
			sourceTree = "<group>";
		};
		EAD325D92861D8FD001A89CF /* Today */ = {
			isa = PBXGroup;
			children = (
				EAF3672428672CD70085B81D /* Model */,
				EAC327C3286713820026D6C2 /* TodayHome */,
				EAC327C42867138D0026D6C2 /* TodayDetails */,
			);
			path = Today;
			sourceTree = "<group>";
		};
		EAE59EA7285C401200FA5F50 = {
			isa = PBXGroup;
			children = (
				EAE59EB2285C401200FA5F50 /* AppStore */,
				EAE59EB1285C401200FA5F50 /* Products */,
				DD175E32DE8913473118000E /* Pods */,
				EB704D820ACA08CC008308AF /* Frameworks */,
			);
			sourceTree = "<group>";
		};
		EAE59EB1285C401200FA5F50 /* Products */ = {
			isa = PBXGroup;
			children = (
				EAE59EB0285C401200FA5F50 /* AppStore.app */,
			);
			name = Products;
			sourceTree = "<group>";
		};
		EAE59EB2285C401200FA5F50 /* AppStore */ = {
			isa = PBXGroup;
			children = (
				EAE59EC7285C402000FA5F50 /* Supporting Files */,
				EAE59EED285D9D4E00FA5F50 /* Extensions */,
				EAE59EDD285C9CCE00FA5F50 /* Networking */,
				EAE59EE0285CB7A600FA5F50 /* Constants */,
				EAE59ECF285C4FD500FA5F50 /* Helpers */,
				EAE59EC8285C402C00FA5F50 /* Controller */,
				EAE59EC1285C401400FA5F50 /* Info.plist */,
			);
			path = AppStore;
			sourceTree = "<group>";
		};
		EAE59EC7285C402000FA5F50 /* Supporting Files */ = {
			isa = PBXGroup;
			children = (
				EAE59EB3285C401200FA5F50 /* AppDelegate.swift */,
				EAE59EB5285C401200FA5F50 /* SceneDelegate.swift */,
				EAE59EBC285C401400FA5F50 /* Assets.xcassets */,
				EAE59EBE285C401400FA5F50 /* LaunchScreen.storyboard */,
			);
			path = "Supporting Files";
			sourceTree = "<group>";
		};
		EAE59EC8285C402C00FA5F50 /* Controller */ = {
			isa = PBXGroup;
			children = (
				EAE59ECB285C4F3300FA5F50 /* BaseTabBarController */,
				EAD325D92861D8FD001A89CF /* Today */,
				EAE59ECC285C4F3F00FA5F50 /* SearchVC */,
				EAE59EE3285D98F400FA5F50 /* AppsVC */,
			);
			path = Controller;
			sourceTree = "<group>";
		};
		EAE59ECB285C4F3300FA5F50 /* BaseTabBarController */ = {
			isa = PBXGroup;
			children = (
				EAE59EC9285C446500FA5F50 /* BaseTabBarController.swift */,
			);
			path = BaseTabBarController;
			sourceTree = "<group>";
		};
		EAE59ECC285C4F3F00FA5F50 /* SearchVC */ = {
			isa = PBXGroup;
			children = (
				EAE59ED3285C565C00FA5F50 /* Controller */,
				EAE59EDC285C956E00FA5F50 /* Model */,
				EAE59ED2285C565600FA5F50 /* Views */,
			);
			path = SearchVC;
			sourceTree = "<group>";
		};
		EAE59ECF285C4FD500FA5F50 /* Helpers */ = {
			isa = PBXGroup;
			children = (
				EAE59ED0285C4FE100FA5F50 /* UIView+Layout.swift */,
				EAE59ED6285C60B900FA5F50 /* VerticalStackView.swift */,
				EAE59ED8285C62DD00FA5F50 /* HorizontalStackView.swift */,
				EAE59EF0285D9EAC00FA5F50 /* BaseViewController.swift */,
				EAA08827285FC16C005DF5BA /* HorizontalSnappingController.swift */,
			);
			path = Helpers;
			sourceTree = "<group>";
		};
		EAE59ED2285C565600FA5F50 /* Views */ = {
			isa = PBXGroup;
			children = (
				EAE59ED4285C567C00FA5F50 /* SearchCell.swift */,
			);
			path = Views;
			sourceTree = "<group>";
		};
		EAE59ED3285C565C00FA5F50 /* Controller */ = {
			isa = PBXGroup;
			children = (
				EAE59ECD285C4F6E00FA5F50 /* SearchVC.swift */,
			);
			path = Controller;
			sourceTree = "<group>";
		};
		EAE59EDC285C956E00FA5F50 /* Model */ = {
			isa = PBXGroup;
			children = (
				EAE59EDA285C956000FA5F50 /* SearchResult.swift */,
				EAA7F6E5285F63D40062EDBB /* SocialHeaderResponse.swift */,
			);
			path = Model;
			sourceTree = "<group>";
		};
		EAE59EDD285C9CCE00FA5F50 /* Networking */ = {
			isa = PBXGroup;
			children = (
				EAE59EDE285C9CE000FA5F50 /* Service.swift */,
			);
			path = Networking;
			sourceTree = "<group>";
		};
		EAE59EE0285CB7A600FA5F50 /* Constants */ = {
			isa = PBXGroup;
			children = (
				EAE59EE1285CB7B200FA5F50 /* Identifiers.swift */,
				EAC327AF2865DB5B0026D6C2 /* TodayController */,
				EAA98979286254ED009B3481 /* Today */,
			);
			path = Constants;
			sourceTree = "<group>";
		};
		EAE59EE3285D98F400FA5F50 /* AppsVC */ = {
			isa = PBXGroup;
			children = (
				EAE59EE9285D9B4D00FA5F50 /* AppsViewController */,
			);
			path = AppsVC;
			sourceTree = "<group>";
		};
		EAE59EE8285D9B4800FA5F50 /* AppsHor */ = {
			isa = PBXGroup;
			children = (
				EAE59EF2285D9EE800FA5F50 /* AppsHorizontalController.swift */,
				EAE59EF4285DA05600FA5F50 /* AppRowCell.swift */,
				EAC809FC285DD8E000965F72 /* AppGroup.swift */,
			);
			path = AppsHor;
			sourceTree = "<group>";
		};
		EAE59EE9285D9B4D00FA5F50 /* AppsViewController */ = {
			isa = PBXGroup;
			children = (
				EAE59EE4285D990E00FA5F50 /* AppsViewController.swift */,
				EAE59EEB285D9B7300FA5F50 /* AppsGroupCell.swift */,
				EAE59EE8285D9B4800FA5F50 /* AppsHor */,
				EA7C293F285DBE950044A946 /* Header */,
				EAA08829285FCA48005DF5BA /* Details */,
			);
			path = AppsViewController;
			sourceTree = "<group>";
		};
		EAE59EED285D9D4E00FA5F50 /* Extensions */ = {
			isa = PBXGroup;
			children = (
				EAE59EEE285D9D5C00FA5F50 /* UILabel+Extension.swift */,
				EAE59EF6285DA80A00FA5F50 /* UIImage+Extension.swift */,
				EAE59EF8285DA89F00FA5F50 /* UIButton+Extension.swift */,
				EAA9897228624ECD009B3481 /* UIViewController+Extension.swift */,
			);
			path = Extensions;
			sourceTree = "<group>";
		};
		EAF3672428672CD70085B81D /* Model */ = {
			isa = PBXGroup;
			children = (
				EAA9897C28632C02009B3481 /* TodayItem.swift */,
			);
			path = Model;
			sourceTree = "<group>";
		};
		EAF3672B28678C060085B81D /* MultipleCellAndCon */ = {
			isa = PBXGroup;
			children = (
				EAF36725286778FA0085B81D /* MultipleCollectionViewCell.swift */,
				EAF3672928678BEA0085B81D /* TodayMultipleApssViewController.swift */,
				EAF3672C28678C730085B81D /* MultipleCell.swift */,
			);
			path = MultipleCellAndCon;
			sourceTree = "<group>";
		};
		EB704D820ACA08CC008308AF /* Frameworks */ = {
			isa = PBXGroup;
			children = (
				8324DC2D714458CC4A0F0114 /* Pods_AppStore.framework */,
			);
			name = Frameworks;
			sourceTree = "<group>";
		};
/* End PBXGroup section */

/* Begin PBXNativeTarget section */
		EAE59EAF285C401200FA5F50 /* AppStore */ = {
			isa = PBXNativeTarget;
			buildConfigurationList = EAE59EC4285C401400FA5F50 /* Build configuration list for PBXNativeTarget "AppStore" */;
			buildPhases = (
				00AEB73100528EA3F29664C9 /* [CP] Check Pods Manifest.lock */,
				EAE59EAC285C401200FA5F50 /* Sources */,
				EAE59EAD285C401200FA5F50 /* Frameworks */,
				EAE59EAE285C401200FA5F50 /* Resources */,
				187F96898E7438A874607890 /* [CP] Embed Pods Frameworks */,
			);
			buildRules = (
			);
			dependencies = (
			);
			name = AppStore;
			productName = AppStore;
			productReference = EAE59EB0285C401200FA5F50 /* AppStore.app */;
			productType = "com.apple.product-type.application";
		};
/* End PBXNativeTarget section */

/* Begin PBXProject section */
		EAE59EA8285C401200FA5F50 /* Project object */ = {
			isa = PBXProject;
			attributes = {
				BuildIndependentTargetsInParallel = 1;
				LastSwiftUpdateCheck = 1340;
				LastUpgradeCheck = 1340;
				TargetAttributes = {
					EAE59EAF285C401200FA5F50 = {
						CreatedOnToolsVersion = 13.4.1;
					};
				};
			};
			buildConfigurationList = EAE59EAB285C401200FA5F50 /* Build configuration list for PBXProject "AppStore" */;
			compatibilityVersion = "Xcode 13.0";
			developmentRegion = en;
			hasScannedForEncodings = 0;
			knownRegions = (
				en,
				Base,
			);
			mainGroup = EAE59EA7285C401200FA5F50;
			productRefGroup = EAE59EB1285C401200FA5F50 /* Products */;
			projectDirPath = "";
			projectRoot = "";
			targets = (
				EAE59EAF285C401200FA5F50 /* AppStore */,
			);
		};
/* End PBXProject section */

/* Begin PBXResourcesBuildPhase section */
		EAE59EAE285C401200FA5F50 /* Resources */ = {
			isa = PBXResourcesBuildPhase;
			buildActionMask = 2147483647;
			files = (
				EAE59EC0285C401400FA5F50 /* LaunchScreen.storyboard in Resources */,
				EAE59EBD285C401400FA5F50 /* Assets.xcassets in Resources */,
			);
			runOnlyForDeploymentPostprocessing = 0;
		};
/* End PBXResourcesBuildPhase section */

/* Begin PBXShellScriptBuildPhase section */
		00AEB73100528EA3F29664C9 /* [CP] Check Pods Manifest.lock */ = {
			isa = PBXShellScriptBuildPhase;
			buildActionMask = 2147483647;
			files = (
			);
			inputFileListPaths = (
			);
			inputPaths = (
				"${PODS_PODFILE_DIR_PATH}/Podfile.lock",
				"${PODS_ROOT}/Manifest.lock",
			);
			name = "[CP] Check Pods Manifest.lock";
			outputFileListPaths = (
			);
			outputPaths = (
				"$(DERIVED_FILE_DIR)/Pods-AppStore-checkManifestLockResult.txt",
			);
			runOnlyForDeploymentPostprocessing = 0;
			shellPath = /bin/sh;
			shellScript = "diff \"${PODS_PODFILE_DIR_PATH}/Podfile.lock\" \"${PODS_ROOT}/Manifest.lock\" > /dev/null\nif [ $? != 0 ] ; then\n    # print error to STDERR\n    echo \"error: The sandbox is not in sync with the Podfile.lock. Run 'pod install' or update your CocoaPods installation.\" >&2\n    exit 1\nfi\n# This output is used by Xcode 'outputs' to avoid re-running this script phase.\necho \"SUCCESS\" > \"${SCRIPT_OUTPUT_FILE_0}\"\n";
			showEnvVarsInLog = 0;
		};
		187F96898E7438A874607890 /* [CP] Embed Pods Frameworks */ = {
			isa = PBXShellScriptBuildPhase;
			buildActionMask = 2147483647;
			files = (
			);
			inputFileListPaths = (
				"${PODS_ROOT}/Target Support Files/Pods-AppStore/Pods-AppStore-frameworks-${CONFIGURATION}-input-files.xcfilelist",
			);
			name = "[CP] Embed Pods Frameworks";
			outputFileListPaths = (
				"${PODS_ROOT}/Target Support Files/Pods-AppStore/Pods-AppStore-frameworks-${CONFIGURATION}-output-files.xcfilelist",
			);
			runOnlyForDeploymentPostprocessing = 0;
			shellPath = /bin/sh;
			shellScript = "\"${PODS_ROOT}/Target Support Files/Pods-AppStore/Pods-AppStore-frameworks.sh\"\n";
			showEnvVarsInLog = 0;
		};
/* End PBXShellScriptBuildPhase section */

/* Begin PBXSourcesBuildPhase section */
		EAE59EAC285C401200FA5F50 /* Sources */ = {
			isa = PBXSourcesBuildPhase;
			buildActionMask = 2147483647;
			files = (
				EAE59ECA285C446500FA5F50 /* BaseTabBarController.swift in Sources */,
				EAC327C6286713AD0026D6C2 /* AppFullScreenViewController.swift in Sources */,
				EAC327CB286716FD0026D6C2 /* TodayHeaderCell.swift in Sources */,
				EAD325D6286090FD001A89CF /* ReviewCell.swift in Sources */,
				EAC327C9286716A20026D6C2 /* DescriptionCell.swift in Sources */,
				EAA989832863A36B009B3481 /* BaseTodayItem.swift in Sources */,
				EAE59EEC285D9B7300FA5F50 /* AppsGroupCell.swift in Sources */,
				EAA9898A28644B38009B3481 /* TodayMultipleApssController.swift in Sources */,
				EAA9897F28639DB5009B3481 /* TodayMultipleCell.swift in Sources */,
				EAE59EF3285D9EE800FA5F50 /* AppsHorizontalController.swift in Sources */,
				EAF3672D28678C730085B81D /* MultipleCell.swift in Sources */,
				EAD325CA28607A72001A89CF /* PreviewRowCell.swift in Sources */,
				EAF3672A28678BEA0085B81D /* TodayMultipleApssViewController.swift in Sources */,
				EAC327BB2865FA6D0026D6C2 /* AppFullScreeDescriptionCell.swift in Sources */,
				EAA9898C28644BDC009B3481 /* MultipleAppCell.swift in Sources */,
				EAD325DB2861D916001A89CF /* TodayController.swift in Sources */,
				EAA98977286251F6009B3481 /* AppFullCell.swift in Sources */,
				EAE59EEF285D9D5C00FA5F50 /* UILabel+Extension.swift in Sources */,
				EAF36726286778FA0085B81D /* MultipleCollectionViewCell.swift in Sources */,
				EAD325CF2860802B001A89CF /* ScreenShotCell.swift in Sources */,
				EAE59ECE285C4F6E00FA5F50 /* SearchVC.swift in Sources */,
				EAE59EDB285C956000FA5F50 /* SearchResult.swift in Sources */,
				EAA9897528625098009B3481 /* AppFullScreenController.swift in Sources */,
				EAA0882B285FCA6A005DF5BA /* AppDetailsController.swift in Sources */,
				EAD325DD2861DA2C001A89CF /* TodayCell.swift in Sources */,
				EAE59ED1285C4FE100FA5F50 /* UIView+Layout.swift in Sources */,
				EAD325D828609C19001A89CF /* ReviewResponse.swift in Sources */,
				EAA08828285FC16C005DF5BA /* HorizontalSnappingController.swift in Sources */,
				EAC327C028670DB30026D6C2 /* TodayViewController.swift in Sources */,
				EAD325CC28607E2D001A89CF /* PreviewScreenController.swift in Sources */,
				EAC809FD285DD8E000965F72 /* AppGroup.swift in Sources */,
				EAE59EE5285D990E00FA5F50 /* AppsViewController.swift in Sources */,
				EAC327B72865E27E0026D6C2 /* AppFullController.swift in Sources */,
				EAA9897B28630159009B3481 /* AppHeaderFullDetailsCell.swift in Sources */,
				EAE59ED5285C567C00FA5F50 /* SearchCell.swift in Sources */,
				EAE59EF5285DA05600FA5F50 /* AppRowCell.swift in Sources */,
				EAE59ED7285C60B900FA5F50 /* VerticalStackView.swift in Sources */,
				EAE59EFB285DB45C00FA5F50 /* AppsPageHeader.swift in Sources */,
				EAA9897328624ECD009B3481 /* UIViewController+Extension.swift in Sources */,
				EAE59ED9285C62DD00FA5F50 /* HorizontalStackView.swift in Sources */,
				EAE59EF9285DA89F00FA5F50 /* UIButton+Extension.swift in Sources */,
				EAE59EDF285C9CE000FA5F50 /* Service.swift in Sources */,
				EAE59EB4285C401200FA5F50 /* AppDelegate.swift in Sources */,
				EAE59EF1285D9EAC00FA5F50 /* BaseViewController.swift in Sources */,
				EAC327B92865E42D0026D6C2 /* AppFullHeaderCell.swift in Sources */,
				EAD325D228608B6A001A89CF /* ReviewRowCell.swift in Sources */,
				EA7C2943285DBF3D0044A946 /* AppHeaderHorCell.swift in Sources */,
				EAA0882D285FD006005DF5BA /* AppDetailsRowCell.swift in Sources */,
				EAD325D428609075001A89CF /* ReviewsController.swift in Sources */,
				EA7C2941285DBEDF0044A946 /* AppHeaderHorController.swift in Sources */,
				EAC327C228670E660026D6C2 /* TodayCollectionCell.swift in Sources */,
				EAA9897D28632C02009B3481 /* TodayItem.swift in Sources */,
				EAE59EF7285DA80A00FA5F50 /* UIImage+Extension.swift in Sources */,
				EAA7F6E6285F63D40062EDBB /* SocialHeaderResponse.swift in Sources */,
				EAE59EE2285CB7B200FA5F50 /* Identifiers.swift in Sources */,
				EAC327BD286612820026D6C2 /* HeaderCell.swift in Sources */,
				EAE59EB6285C401200FA5F50 /* SceneDelegate.swift in Sources */,
			);
			runOnlyForDeploymentPostprocessing = 0;
		};
/* End PBXSourcesBuildPhase section */

/* Begin PBXVariantGroup section */
		EAE59EBE285C401400FA5F50 /* LaunchScreen.storyboard */ = {
			isa = PBXVariantGroup;
			children = (
				EAE59EBF285C401400FA5F50 /* Base */,
			);
			name = LaunchScreen.storyboard;
			sourceTree = "<group>";
		};
/* End PBXVariantGroup section */

/* Begin XCBuildConfiguration section */
		EAE59EC2285C401400FA5F50 /* Debug */ = {
			isa = XCBuildConfiguration;
			buildSettings = {
				ALWAYS_SEARCH_USER_PATHS = NO;
				CLANG_ANALYZER_NONNULL = YES;
				CLANG_ANALYZER_NUMBER_OBJECT_CONVERSION = YES_AGGRESSIVE;
				CLANG_CXX_LANGUAGE_STANDARD = "gnu++17";
				CLANG_ENABLE_MODULES = YES;
				CLANG_ENABLE_OBJC_ARC = YES;
				CLANG_ENABLE_OBJC_WEAK = YES;
				CLANG_WARN_BLOCK_CAPTURE_AUTORELEASING = YES;
				CLANG_WARN_BOOL_CONVERSION = YES;
				CLANG_WARN_COMMA = YES;
				CLANG_WARN_CONSTANT_CONVERSION = YES;
				CLANG_WARN_DEPRECATED_OBJC_IMPLEMENTATIONS = YES;
				CLANG_WARN_DIRECT_OBJC_ISA_USAGE = YES_ERROR;
				CLANG_WARN_DOCUMENTATION_COMMENTS = YES;
				CLANG_WARN_EMPTY_BODY = YES;
				CLANG_WARN_ENUM_CONVERSION = YES;
				CLANG_WARN_INFINITE_RECURSION = YES;
				CLANG_WARN_INT_CONVERSION = YES;
				CLANG_WARN_NON_LITERAL_NULL_CONVERSION = YES;
				CLANG_WARN_OBJC_IMPLICIT_RETAIN_SELF = YES;
				CLANG_WARN_OBJC_LITERAL_CONVERSION = YES;
				CLANG_WARN_OBJC_ROOT_CLASS = YES_ERROR;
				CLANG_WARN_QUOTED_INCLUDE_IN_FRAMEWORK_HEADER = YES;
				CLANG_WARN_RANGE_LOOP_ANALYSIS = YES;
				CLANG_WARN_STRICT_PROTOTYPES = YES;
				CLANG_WARN_SUSPICIOUS_MOVE = YES;
				CLANG_WARN_UNGUARDED_AVAILABILITY = YES_AGGRESSIVE;
				CLANG_WARN_UNREACHABLE_CODE = YES;
				CLANG_WARN__DUPLICATE_METHOD_MATCH = YES;
				COPY_PHASE_STRIP = NO;
				DEBUG_INFORMATION_FORMAT = dwarf;
				ENABLE_STRICT_OBJC_MSGSEND = YES;
				ENABLE_TESTABILITY = YES;
				GCC_C_LANGUAGE_STANDARD = gnu11;
				GCC_DYNAMIC_NO_PIC = NO;
				GCC_NO_COMMON_BLOCKS = YES;
				GCC_OPTIMIZATION_LEVEL = 0;
				GCC_PREPROCESSOR_DEFINITIONS = (
					"DEBUG=1",
					"$(inherited)",
				);
				GCC_WARN_64_TO_32_BIT_CONVERSION = YES;
				GCC_WARN_ABOUT_RETURN_TYPE = YES_ERROR;
				GCC_WARN_UNDECLARED_SELECTOR = YES;
				GCC_WARN_UNINITIALIZED_AUTOS = YES_AGGRESSIVE;
				GCC_WARN_UNUSED_FUNCTION = YES;
				GCC_WARN_UNUSED_VARIABLE = YES;
				IPHONEOS_DEPLOYMENT_TARGET = 15.5;
				MTL_ENABLE_DEBUG_INFO = INCLUDE_SOURCE;
				MTL_FAST_MATH = YES;
				ONLY_ACTIVE_ARCH = YES;
				SDKROOT = iphoneos;
				SWIFT_ACTIVE_COMPILATION_CONDITIONS = DEBUG;
				SWIFT_OPTIMIZATION_LEVEL = "-Onone";
			};
			name = Debug;
		};
		EAE59EC3285C401400FA5F50 /* Release */ = {
			isa = XCBuildConfiguration;
			buildSettings = {
				ALWAYS_SEARCH_USER_PATHS = NO;
				CLANG_ANALYZER_NONNULL = YES;
				CLANG_ANALYZER_NUMBER_OBJECT_CONVERSION = YES_AGGRESSIVE;
				CLANG_CXX_LANGUAGE_STANDARD = "gnu++17";
				CLANG_ENABLE_MODULES = YES;
				CLANG_ENABLE_OBJC_ARC = YES;
				CLANG_ENABLE_OBJC_WEAK = YES;
				CLANG_WARN_BLOCK_CAPTURE_AUTORELEASING = YES;
				CLANG_WARN_BOOL_CONVERSION = YES;
				CLANG_WARN_COMMA = YES;
				CLANG_WARN_CONSTANT_CONVERSION = YES;
				CLANG_WARN_DEPRECATED_OBJC_IMPLEMENTATIONS = YES;
				CLANG_WARN_DIRECT_OBJC_ISA_USAGE = YES_ERROR;
				CLANG_WARN_DOCUMENTATION_COMMENTS = YES;
				CLANG_WARN_EMPTY_BODY = YES;
				CLANG_WARN_ENUM_CONVERSION = YES;
				CLANG_WARN_INFINITE_RECURSION = YES;
				CLANG_WARN_INT_CONVERSION = YES;
				CLANG_WARN_NON_LITERAL_NULL_CONVERSION = YES;
				CLANG_WARN_OBJC_IMPLICIT_RETAIN_SELF = YES;
				CLANG_WARN_OBJC_LITERAL_CONVERSION = YES;
				CLANG_WARN_OBJC_ROOT_CLASS = YES_ERROR;
				CLANG_WARN_QUOTED_INCLUDE_IN_FRAMEWORK_HEADER = YES;
				CLANG_WARN_RANGE_LOOP_ANALYSIS = YES;
				CLANG_WARN_STRICT_PROTOTYPES = YES;
				CLANG_WARN_SUSPICIOUS_MOVE = YES;
				CLANG_WARN_UNGUARDED_AVAILABILITY = YES_AGGRESSIVE;
				CLANG_WARN_UNREACHABLE_CODE = YES;
				CLANG_WARN__DUPLICATE_METHOD_MATCH = YES;
				COPY_PHASE_STRIP = NO;
				DEBUG_INFORMATION_FORMAT = "dwarf-with-dsym";
				ENABLE_NS_ASSERTIONS = NO;
				ENABLE_STRICT_OBJC_MSGSEND = YES;
				GCC_C_LANGUAGE_STANDARD = gnu11;
				GCC_NO_COMMON_BLOCKS = YES;
				GCC_WARN_64_TO_32_BIT_CONVERSION = YES;
				GCC_WARN_ABOUT_RETURN_TYPE = YES_ERROR;
				GCC_WARN_UNDECLARED_SELECTOR = YES;
				GCC_WARN_UNINITIALIZED_AUTOS = YES_AGGRESSIVE;
				GCC_WARN_UNUSED_FUNCTION = YES;
				GCC_WARN_UNUSED_VARIABLE = YES;
				IPHONEOS_DEPLOYMENT_TARGET = 15.5;
				MTL_ENABLE_DEBUG_INFO = NO;
				MTL_FAST_MATH = YES;
				SDKROOT = iphoneos;
				SWIFT_COMPILATION_MODE = wholemodule;
				SWIFT_OPTIMIZATION_LEVEL = "-O";
				VALIDATE_PRODUCT = YES;
			};
			name = Release;
		};
		EAE59EC5285C401400FA5F50 /* Debug */ = {
			isa = XCBuildConfiguration;
			baseConfigurationReference = BBB7622695CB9AE5B97E84E1 /* Pods-AppStore.debug.xcconfig */;
			buildSettings = {
				ASSETCATALOG_COMPILER_APPICON_NAME = AppIcon;
				ASSETCATALOG_COMPILER_GLOBAL_ACCENT_COLOR_NAME = AccentColor;
				CODE_SIGN_STYLE = Automatic;
				CURRENT_PROJECT_VERSION = 1;
				DEVELOPMENT_TEAM = 6SYM4Y4869;
				GENERATE_INFOPLIST_FILE = YES;
				INFOPLIST_FILE = AppStore/Info.plist;
				INFOPLIST_KEY_UIApplicationSupportsIndirectInputEvents = YES;
				INFOPLIST_KEY_UILaunchStoryboardName = LaunchScreen;
				INFOPLIST_KEY_UISupportedInterfaceOrientations_iPad = "UIInterfaceOrientationPortrait UIInterfaceOrientationPortraitUpsideDown UIInterfaceOrientationLandscapeLeft UIInterfaceOrientationLandscapeRight";
				INFOPLIST_KEY_UISupportedInterfaceOrientations_iPhone = "UIInterfaceOrientationPortrait UIInterfaceOrientationLandscapeLeft UIInterfaceOrientationLandscapeRight";
				LD_RUNPATH_SEARCH_PATHS = (
					"$(inherited)",
					"@executable_path/Frameworks",
				);
				MARKETING_VERSION = 1.0;
				PRODUCT_BUNDLE_IDENTIFIER = com.khaled.AppStoree;
				PRODUCT_NAME = "$(TARGET_NAME)";
				SWIFT_EMIT_LOC_STRINGS = YES;
				SWIFT_VERSION = 5.0;
				TARGETED_DEVICE_FAMILY = "1,2";
			};
			name = Debug;
		};
		EAE59EC6285C401400FA5F50 /* Release */ = {
			isa = XCBuildConfiguration;
			baseConfigurationReference = FE390104E1B730329391F8D4 /* Pods-AppStore.release.xcconfig */;
			buildSettings = {
				ASSETCATALOG_COMPILER_APPICON_NAME = AppIcon;
				ASSETCATALOG_COMPILER_GLOBAL_ACCENT_COLOR_NAME = AccentColor;
				CODE_SIGN_STYLE = Automatic;
				CURRENT_PROJECT_VERSION = 1;
				DEVELOPMENT_TEAM = 6SYM4Y4869;
				GENERATE_INFOPLIST_FILE = YES;
				INFOPLIST_FILE = AppStore/Info.plist;
				INFOPLIST_KEY_UIApplicationSupportsIndirectInputEvents = YES;
				INFOPLIST_KEY_UILaunchStoryboardName = LaunchScreen;
				INFOPLIST_KEY_UISupportedInterfaceOrientations_iPad = "UIInterfaceOrientationPortrait UIInterfaceOrientationPortraitUpsideDown UIInterfaceOrientationLandscapeLeft UIInterfaceOrientationLandscapeRight";
				INFOPLIST_KEY_UISupportedInterfaceOrientations_iPhone = "UIInterfaceOrientationPortrait UIInterfaceOrientationLandscapeLeft UIInterfaceOrientationLandscapeRight";
				LD_RUNPATH_SEARCH_PATHS = (
					"$(inherited)",
					"@executable_path/Frameworks",
				);
				MARKETING_VERSION = 1.0;
				PRODUCT_BUNDLE_IDENTIFIER = com.khaled.AppStoree;
				PRODUCT_NAME = "$(TARGET_NAME)";
				SWIFT_EMIT_LOC_STRINGS = YES;
				SWIFT_VERSION = 5.0;
				TARGETED_DEVICE_FAMILY = "1,2";
			};
			name = Release;
		};
/* End XCBuildConfiguration section */

/* Begin XCConfigurationList section */
		EAE59EAB285C401200FA5F50 /* Build configuration list for PBXProject "AppStore" */ = {
			isa = XCConfigurationList;
			buildConfigurations = (
				EAE59EC2285C401400FA5F50 /* Debug */,
				EAE59EC3285C401400FA5F50 /* Release */,
			);
			defaultConfigurationIsVisible = 0;
			defaultConfigurationName = Release;
		};
		EAE59EC4285C401400FA5F50 /* Build configuration list for PBXNativeTarget "AppStore" */ = {
			isa = XCConfigurationList;
			buildConfigurations = (
				EAE59EC5285C401400FA5F50 /* Debug */,
				EAE59EC6285C401400FA5F50 /* Release */,
			);
			defaultConfigurationIsVisible = 0;
			defaultConfigurationName = Release;
		};
/* End XCConfigurationList section */
	};
	rootObject = EAE59EA8285C401200FA5F50 /* Project object */;
}
